
Microsoft Visual Studio Solution File, Format Version 12.00
# Visual Studio Version 17
VisualStudioVersion = 17.4.33213.308
MinimumVisualStudioVersion = 10.0.40219.1
Project("{FAE04EC0-301F-11D3-BF4B-00C04F79EFBC}") = "PLAY_GROUND", "PLAY_GROUND.csproj", "{3934BFFA-3164-4DF1-ADA4-CDB096B1CC5E}"
EndProject
Global
	GlobalSection(SolutionConfigurationPlatforms) = preSolution
		Debug|Any CPU = Debug|Any CPU
		Release|Any CPU = Release|Any CPU
	EndGlobalSection
	GlobalSection(ProjectConfigurationPlatforms) = postSolution
		{3934BFFA-3164-4DF1-ADA4-CDB096B1CC5E}.Debug|Any CPU.ActiveCfg = Debug|Any CPU
		{3934BFFA-3164-4DF1-ADA4-CDB096B1CC5E}.Debug|Any CPU.Build.0 = Debug|Any CPU
		{3934BFFA-3164-4DF1-ADA4-CDB096B1CC5E}.Release|Any CPU.ActiveCfg = Release|Any CPU
		{3934BFFA-3164-4DF1-ADA4-CDB096B1CC5E}.Release|Any CPU.Build.0 = Release|Any CPU
	EndGlobalSection
	GlobalSection(SolutionProperties) = preSolution
		HideSolutionNode = FALSE
	EndGlobalSection
	GlobalSection(ExtensibilityGlobals) = postSolution
		SolutionGuid = {D8D5524E-26E8-4F8A-903D-B4C99B84C659}
	EndGlobalSection
EndGlobal
